// !$*UTF8*$!
{
	archiveVersion = 1;
	classes = {
	};
	objectVersion = 50;
	objects = {

/* Begin PBXBuildFile section */
		8E2E630924675B20006A45E9 /* AppDelegate.swift in Sources */ = {isa = PBXBuildFile; fileRef = 8E2E630824675B20006A45E9 /* AppDelegate.swift */; };
		8E2E630B24675B20006A45E9 /* SceneDelegate.swift in Sources */ = {isa = PBXBuildFile; fileRef = 8E2E630A24675B20006A45E9 /* SceneDelegate.swift */; };
		8E2E631024675B20006A45E9 /* ContactListView.swift in Sources */ = {isa = PBXBuildFile; fileRef = 8E2E630F24675B20006A45E9 /* ContactListView.swift */; };
		8E2E631224675B23006A45E9 /* Assets.xcassets in Resources */ = {isa = PBXBuildFile; fileRef = 8E2E631124675B23006A45E9 /* Assets.xcassets */; };
		8E2E631524675B23006A45E9 /* Preview Assets.xcassets in Resources */ = {isa = PBXBuildFile; fileRef = 8E2E631424675B23006A45E9 /* Preview Assets.xcassets */; };
		8E2E631824675B23006A45E9 /* LaunchScreen.storyboard in Resources */ = {isa = PBXBuildFile; fileRef = 8E2E631624675B23006A45E9 /* LaunchScreen.storyboard */; };
		8E2E632024675E3E006A45E9 /* ContactRow.swift in Sources */ = {isa = PBXBuildFile; fileRef = 8E2E631F24675E3E006A45E9 /* ContactRow.swift */; };
		8E2E632224676128006A45E9 /* Contact.swift in Sources */ = {isa = PBXBuildFile; fileRef = 8E2E632124676128006A45E9 /* Contact.swift */; };
		8E2E632624739B4D006A45E9 /* UserDefaultValue.swift in Sources */ = {isa = PBXBuildFile; fileRef = 8E2E632524739B4D006A45E9 /* UserDefaultValue.swift */; };
		8E2E632824739BE8006A45E9 /* UserData.swift in Sources */ = {isa = PBXBuildFile; fileRef = 8E2E632724739BE8006A45E9 /* UserData.swift */; };
		8E81F4BE2473A1690007976A /* AddContactView.swift in Sources */ = {isa = PBXBuildFile; fileRef = 8E81F4BD2473A1690007976A /* AddContactView.swift */; };
		8E81F4C624748B440007976A /* CallDirectoryHandler.swift in Sources */ = {isa = PBXBuildFile; fileRef = 8E81F4C524748B440007976A /* CallDirectoryHandler.swift */; };
		8E81F4CA24748B440007976A /* TempContactsDir.appex in Embed App Extensions */ = {isa = PBXBuildFile; fileRef = 8E81F4C324748B440007976A /* TempContactsDir.appex */; settings = {ATTRIBUTES = (RemoveHeadersOnCopy, ); }; };
		8E81F4DC24749B930007976A /* Contact.swift in Sources */ = {isa = PBXBuildFile; fileRef = 8E2E632124676128006A45E9 /* Contact.swift */; };
		8E81F4DD24749B960007976A /* UserData.swift in Sources */ = {isa = PBXBuildFile; fileRef = 8E2E632724739BE8006A45E9 /* UserData.swift */; };
		8E81F4DE24749B990007976A /* UserDefaultValue.swift in Sources */ = {isa = PBXBuildFile; fileRef = 8E2E632524739B4D006A45E9 /* UserDefaultValue.swift */; };
		8E81F4E02474B3BB0007976A /* PhoneNumberKit.framework in Frameworks */ = {isa = PBXBuildFile; fileRef = 8E81F4DF2474B3BB0007976A /* PhoneNumberKit.framework */; };
		8E81F4E42475BBD80007976A /* PhoneNumberKit.framework in Frameworks */ = {isa = PBXBuildFile; fileRef = 8E81F4DF2474B3BB0007976A /* PhoneNumberKit.framework */; };
		8E81F4E62475F6650007976A /* EmptyContactsView.swift in Sources */ = {isa = PBXBuildFile; fileRef = 8E81F4E52475F6640007976A /* EmptyContactsView.swift */; };
		8E81F4E824764F0B0007976A /* ModalView.swift in Sources */ = {isa = PBXBuildFile; fileRef = 8E81F4E724764F0B0007976A /* ModalView.swift */; };
		8E81F4EA247651930007976A /* PhoneNumberTextFieldView.swift in Sources */ = {isa = PBXBuildFile; fileRef = 8E81F4E9247651930007976A /* PhoneNumberTextFieldView.swift */; };
/* End PBXBuildFile section */

/* Begin PBXContainerItemProxy section */
		8E81F4C824748B440007976A /* PBXContainerItemProxy */ = {
			isa = PBXContainerItemProxy;
			containerPortal = 8E2E62FD24675B20006A45E9 /* Project object */;
			proxyType = 1;
			remoteGlobalIDString = 8E81F4C224748B440007976A;
			remoteInfo = TempContactsDir;
		};
/* End PBXContainerItemProxy section */

/* Begin PBXCopyFilesBuildPhase section */
		8E81F4CE24748B440007976A /* Embed App Extensions */ = {
			isa = PBXCopyFilesBuildPhase;
			buildActionMask = 2147483647;
			dstPath = "";
			dstSubfolderSpec = 13;
			files = (
				8E81F4CA24748B440007976A /* TempContactsDir.appex in Embed App Extensions */,
			);
			name = "Embed App Extensions";
			runOnlyForDeploymentPostprocessing = 0;
		};
/* End PBXCopyFilesBuildPhase section */

/* Begin PBXFileReference section */
		8E2E630524675B20006A45E9 /* Temp Contacts.app */ = {isa = PBXFileReference; explicitFileType = wrapper.application; includeInIndex = 0; path = "Temp Contacts.app"; sourceTree = BUILT_PRODUCTS_DIR; };
		8E2E630824675B20006A45E9 /* AppDelegate.swift */ = {isa = PBXFileReference; lastKnownFileType = sourcecode.swift; path = AppDelegate.swift; sourceTree = "<group>"; };
		8E2E630A24675B20006A45E9 /* SceneDelegate.swift */ = {isa = PBXFileReference; lastKnownFileType = sourcecode.swift; path = SceneDelegate.swift; sourceTree = "<group>"; };
		8E2E630F24675B20006A45E9 /* ContactListView.swift */ = {isa = PBXFileReference; lastKnownFileType = sourcecode.swift; path = ContactListView.swift; sourceTree = "<group>"; };
		8E2E631124675B23006A45E9 /* Assets.xcassets */ = {isa = PBXFileReference; lastKnownFileType = folder.assetcatalog; path = Assets.xcassets; sourceTree = "<group>"; };
		8E2E631424675B23006A45E9 /* Preview Assets.xcassets */ = {isa = PBXFileReference; lastKnownFileType = folder.assetcatalog; path = "Preview Assets.xcassets"; sourceTree = "<group>"; };
		8E2E631724675B23006A45E9 /* Base */ = {isa = PBXFileReference; lastKnownFileType = file.storyboard; name = Base; path = Base.lproj/LaunchScreen.storyboard; sourceTree = "<group>"; };
		8E2E631924675B23006A45E9 /* Info.plist */ = {isa = PBXFileReference; lastKnownFileType = text.plist.xml; path = Info.plist; sourceTree = "<group>"; };
		8E2E631F24675E3E006A45E9 /* ContactRow.swift */ = {isa = PBXFileReference; lastKnownFileType = sourcecode.swift; path = ContactRow.swift; sourceTree = "<group>"; };
		8E2E632124676128006A45E9 /* Contact.swift */ = {isa = PBXFileReference; lastKnownFileType = sourcecode.swift; path = Contact.swift; sourceTree = "<group>"; };
		8E2E632524739B4D006A45E9 /* UserDefaultValue.swift */ = {isa = PBXFileReference; lastKnownFileType = sourcecode.swift; path = UserDefaultValue.swift; sourceTree = "<group>"; };
		8E2E632724739BE8006A45E9 /* UserData.swift */ = {isa = PBXFileReference; lastKnownFileType = sourcecode.swift; path = UserData.swift; sourceTree = "<group>"; };
		8E81F4BD2473A1690007976A /* AddContactView.swift */ = {isa = PBXFileReference; lastKnownFileType = sourcecode.swift; path = AddContactView.swift; sourceTree = "<group>"; };
		8E81F4C324748B440007976A /* TempContactsDir.appex */ = {isa = PBXFileReference; explicitFileType = "wrapper.app-extension"; includeInIndex = 0; path = TempContactsDir.appex; sourceTree = BUILT_PRODUCTS_DIR; };
		8E81F4C524748B440007976A /* CallDirectoryHandler.swift */ = {isa = PBXFileReference; lastKnownFileType = sourcecode.swift; path = CallDirectoryHandler.swift; sourceTree = "<group>"; };
		8E81F4C724748B440007976A /* Info.plist */ = {isa = PBXFileReference; lastKnownFileType = text.plist.xml; path = Info.plist; sourceTree = "<group>"; };
		8E81F4D5247493A30007976A /* Temp Contacts.entitlements */ = {isa = PBXFileReference; lastKnownFileType = text.plist.entitlements; path = "Temp Contacts.entitlements"; sourceTree = "<group>"; };
		8E81F4D6247493D00007976A /* TempContactsDir.entitlements */ = {isa = PBXFileReference; lastKnownFileType = text.plist.entitlements; path = TempContactsDir.entitlements; sourceTree = "<group>"; };
		8E81F4DF2474B3BB0007976A /* PhoneNumberKit.framework */ = {isa = PBXFileReference; lastKnownFileType = wrapper.framework; name = PhoneNumberKit.framework; path = Carthage/Build/iOS/PhoneNumberKit.framework; sourceTree = "<group>"; };
		8E81F4E52475F6640007976A /* EmptyContactsView.swift */ = {isa = PBXFileReference; lastKnownFileType = sourcecode.swift; path = EmptyContactsView.swift; sourceTree = "<group>"; };
		8E81F4E724764F0B0007976A /* ModalView.swift */ = {isa = PBXFileReference; lastKnownFileType = sourcecode.swift; path = ModalView.swift; sourceTree = "<group>"; };
		8E81F4E9247651930007976A /* PhoneNumberTextFieldView.swift */ = {isa = PBXFileReference; lastKnownFileType = sourcecode.swift; path = PhoneNumberTextFieldView.swift; sourceTree = "<group>"; };
/* End PBXFileReference section */

/* Begin PBXFrameworksBuildPhase section */
		8E2E630224675B20006A45E9 /* Frameworks */ = {
			isa = PBXFrameworksBuildPhase;
			buildActionMask = 2147483647;
			files = (
				8E81F4E02474B3BB0007976A /* PhoneNumberKit.framework in Frameworks */,
			);
			runOnlyForDeploymentPostprocessing = 0;
		};
		8E81F4C024748B440007976A /* Frameworks */ = {
			isa = PBXFrameworksBuildPhase;
			buildActionMask = 2147483647;
			files = (
				8E81F4E42475BBD80007976A /* PhoneNumberKit.framework in Frameworks */,
			);
			runOnlyForDeploymentPostprocessing = 0;
		};
/* End PBXFrameworksBuildPhase section */

/* Begin PBXGroup section */
		8E2E62FC24675B20006A45E9 = {
			isa = PBXGroup;
			children = (
				8E2E630724675B20006A45E9 /* Temp Contacts */,
				8E81F4C424748B440007976A /* TempContactsDir */,
				8E2E630624675B20006A45E9 /* Products */,
				8E81F4DF2474B3BB0007976A /* PhoneNumberKit.framework */,
				8E81F4E32475BBD80007976A /* Frameworks */,
			);
			sourceTree = "<group>";
		};
		8E2E630624675B20006A45E9 /* Products */ = {
			isa = PBXGroup;
			children = (
				8E2E630524675B20006A45E9 /* Temp Contacts.app */,
				8E81F4C324748B440007976A /* TempContactsDir.appex */,
			);
			name = Products;
			sourceTree = "<group>";
		};
		8E2E630724675B20006A45E9 /* Temp Contacts */ = {
			isa = PBXGroup;
			children = (
				8E2E632124676128006A45E9 /* Contact.swift */,
				8E2E632524739B4D006A45E9 /* UserDefaultValue.swift */,
				8E2E632724739BE8006A45E9 /* UserData.swift */,
				8E81F4D5247493A30007976A /* Temp Contacts.entitlements */,
				8E2E630824675B20006A45E9 /* AppDelegate.swift */,
				8E2E630A24675B20006A45E9 /* SceneDelegate.swift */,
				8E2E630F24675B20006A45E9 /* ContactListView.swift */,
				8E2E631124675B23006A45E9 /* Assets.xcassets */,
				8E2E631624675B23006A45E9 /* LaunchScreen.storyboard */,
				8E2E631924675B23006A45E9 /* Info.plist */,
				8E2E631324675B23006A45E9 /* Preview Content */,
				8E2E631F24675E3E006A45E9 /* ContactRow.swift */,
				8E81F4BD2473A1690007976A /* AddContactView.swift */,
				8E81F4E52475F6640007976A /* EmptyContactsView.swift */,
				8E81F4E724764F0B0007976A /* ModalView.swift */,
				8E81F4E9247651930007976A /* PhoneNumberTextFieldView.swift */,
			);
			path = "Temp Contacts";
			sourceTree = "<group>";
		};
		8E2E631324675B23006A45E9 /* Preview Content */ = {
			isa = PBXGroup;
			children = (
				8E2E631424675B23006A45E9 /* Preview Assets.xcassets */,
			);
			path = "Preview Content";
			sourceTree = "<group>";
		};
		8E81F4C424748B440007976A /* TempContactsDir */ = {
			isa = PBXGroup;
			children = (
				8E81F4D6247493D00007976A /* TempContactsDir.entitlements */,
				8E81F4C524748B440007976A /* CallDirectoryHandler.swift */,
				8E81F4C724748B440007976A /* Info.plist */,
			);
			path = TempContactsDir;
			sourceTree = "<group>";
		};
		8E81F4E32475BBD80007976A /* Frameworks */ = {
			isa = PBXGroup;
			children = (
			);
			name = Frameworks;
			sourceTree = "<group>";
		};
/* End PBXGroup section */

/* Begin PBXNativeTarget section */
		8E2E630424675B20006A45E9 /* Temp Contacts */ = {
			isa = PBXNativeTarget;
			buildConfigurationList = 8E2E631C24675B23006A45E9 /* Build configuration list for PBXNativeTarget "Temp Contacts" */;
			buildPhases = (
				8E2E630124675B20006A45E9 /* Sources */,
				8E2E630224675B20006A45E9 /* Frameworks */,
				8E2E630324675B20006A45E9 /* Resources */,
				8E81F4CE24748B440007976A /* Embed App Extensions */,
				8E81F4E12474B5170007976A /* ShellScript */,
			);
			buildRules = (
			);
			dependencies = (
				8E81F4C924748B440007976A /* PBXTargetDependency */,
			);
			name = "Temp Contacts";
			productName = "Temp Contacts";
			productReference = 8E2E630524675B20006A45E9 /* Temp Contacts.app */;
			productType = "com.apple.product-type.application";
		};
		8E81F4C224748B440007976A /* TempContactsDir */ = {
			isa = PBXNativeTarget;
			buildConfigurationList = 8E81F4CB24748B440007976A /* Build configuration list for PBXNativeTarget "TempContactsDir" */;
			buildPhases = (
				8E81F4BF24748B440007976A /* Sources */,
				8E81F4C024748B440007976A /* Frameworks */,
				8E81F4C124748B440007976A /* Resources */,
				8E81F4E22475BB970007976A /* ShellScript */,
			);
			buildRules = (
			);
			dependencies = (
			);
			name = TempContactsDir;
			productName = TempContactsDir;
			productReference = 8E81F4C324748B440007976A /* TempContactsDir.appex */;
			productType = "com.apple.product-type.app-extension";
		};
/* End PBXNativeTarget section */

/* Begin PBXProject section */
		8E2E62FD24675B20006A45E9 /* Project object */ = {
			isa = PBXProject;
			attributes = {
				LastSwiftUpdateCheck = 1140;
				LastUpgradeCheck = 1140;
				ORGANIZATIONNAME = "Skies Lab";
				TargetAttributes = {
					8E2E630424675B20006A45E9 = {
						CreatedOnToolsVersion = 11.4.1;
					};
					8E81F4C224748B440007976A = {
						CreatedOnToolsVersion = 11.4.1;
					};
				};
			};
			buildConfigurationList = 8E2E630024675B20006A45E9 /* Build configuration list for PBXProject "Temp Contacts" */;
			compatibilityVersion = "Xcode 9.3";
			developmentRegion = en;
			hasScannedForEncodings = 0;
			knownRegions = (
				en,
				Base,
			);
			mainGroup = 8E2E62FC24675B20006A45E9;
			productRefGroup = 8E2E630624675B20006A45E9 /* Products */;
			projectDirPath = "";
			projectRoot = "";
			targets = (
				8E2E630424675B20006A45E9 /* Temp Contacts */,
				8E81F4C224748B440007976A /* TempContactsDir */,
			);
		};
/* End PBXProject section */

/* Begin PBXResourcesBuildPhase section */
		8E2E630324675B20006A45E9 /* Resources */ = {
			isa = PBXResourcesBuildPhase;
			buildActionMask = 2147483647;
			files = (
				8E2E631824675B23006A45E9 /* LaunchScreen.storyboard in Resources */,
				8E2E631524675B23006A45E9 /* Preview Assets.xcassets in Resources */,
				8E2E631224675B23006A45E9 /* Assets.xcassets in Resources */,
			);
			runOnlyForDeploymentPostprocessing = 0;
		};
		8E81F4C124748B440007976A /* Resources */ = {
			isa = PBXResourcesBuildPhase;
			buildActionMask = 2147483647;
			files = (
			);
			runOnlyForDeploymentPostprocessing = 0;
		};
/* End PBXResourcesBuildPhase section */

/* Begin PBXShellScriptBuildPhase section */
		8E81F4E12474B5170007976A /* ShellScript */ = {
			isa = PBXShellScriptBuildPhase;
			buildActionMask = 2147483647;
			files = (
			);
			inputFileListPaths = (
			);
			inputPaths = (
				"$(SRCROOT)/Carthage/Build/iOS/PhoneNumberKit.framework",
			);
			outputFileListPaths = (
			);
			outputPaths = (
				"$(BUILT_PRODUCTS_DIR)/$(FRAMEWORKS_FOLDER_PATH)/PhoneNumberKit.framework",
			);
			runOnlyForDeploymentPostprocessing = 0;
			shellPath = /bin/sh;
			shellScript = "/usr/local/bin/carthage copy-frameworks\n";
		};
		8E81F4E22475BB970007976A /* ShellScript */ = {
			isa = PBXShellScriptBuildPhase;
			buildActionMask = 2147483647;
			files = (
			);
			inputFileListPaths = (
			);
			inputPaths = (
				"$(SRCROOT)/Carthage/Build/iOS/PhoneNumberKit.framework",
			);
			outputFileListPaths = (
			);
			outputPaths = (
				"$(BUILT_PRODUCTS_DIR)/$(FRAMEWORKS_FOLDER_PATH)/PhoneNumberKit.framework",
			);
			runOnlyForDeploymentPostprocessing = 0;
			shellPath = /bin/sh;
			shellScript = "/usr/local/bin/carthage copy-frameworks\n";
		};
/* End PBXShellScriptBuildPhase section */

/* Begin PBXSourcesBuildPhase section */
		8E2E630124675B20006A45E9 /* Sources */ = {
			isa = PBXSourcesBuildPhase;
			buildActionMask = 2147483647;
			files = (
				8E2E632624739B4D006A45E9 /* UserDefaultValue.swift in Sources */,
				8E2E632224676128006A45E9 /* Contact.swift in Sources */,
				8E2E632824739BE8006A45E9 /* UserData.swift in Sources */,
				8E81F4EA247651930007976A /* PhoneNumberTextFieldView.swift in Sources */,
				8E2E632024675E3E006A45E9 /* ContactRow.swift in Sources */,
				8E81F4E824764F0B0007976A /* ModalView.swift in Sources */,
				8E2E630924675B20006A45E9 /* AppDelegate.swift in Sources */,
				8E2E631024675B20006A45E9 /* ContactListView.swift in Sources */,
				8E2E630B24675B20006A45E9 /* SceneDelegate.swift in Sources */,
				8E81F4BE2473A1690007976A /* AddContactView.swift in Sources */,
				8E81F4E62475F6650007976A /* EmptyContactsView.swift in Sources */,
			);
			runOnlyForDeploymentPostprocessing = 0;
		};
		8E81F4BF24748B440007976A /* Sources */ = {
			isa = PBXSourcesBuildPhase;
			buildActionMask = 2147483647;
			files = (
				8E81F4DD24749B960007976A /* UserData.swift in Sources */,
				8E81F4DC24749B930007976A /* Contact.swift in Sources */,
				8E81F4DE24749B990007976A /* UserDefaultValue.swift in Sources */,
				8E81F4C624748B440007976A /* CallDirectoryHandler.swift in Sources */,
			);
			runOnlyForDeploymentPostprocessing = 0;
		};
/* End PBXSourcesBuildPhase section */

/* Begin PBXTargetDependency section */
		8E81F4C924748B440007976A /* PBXTargetDependency */ = {
			isa = PBXTargetDependency;
			target = 8E81F4C224748B440007976A /* TempContactsDir */;
			targetProxy = 8E81F4C824748B440007976A /* PBXContainerItemProxy */;
		};
/* End PBXTargetDependency section */

/* Begin PBXVariantGroup section */
		8E2E631624675B23006A45E9 /* LaunchScreen.storyboard */ = {
			isa = PBXVariantGroup;
			children = (
				8E2E631724675B23006A45E9 /* Base */,
			);
			name = LaunchScreen.storyboard;
			sourceTree = "<group>";
		};
/* End PBXVariantGroup section */

/* Begin XCBuildConfiguration section */
		8E2E631A24675B23006A45E9 /* Debug */ = {
			isa = XCBuildConfiguration;
			buildSettings = {
				ALWAYS_SEARCH_USER_PATHS = NO;
				CLANG_ANALYZER_NONNULL = YES;
				CLANG_ANALYZER_NUMBER_OBJECT_CONVERSION = YES_AGGRESSIVE;
				CLANG_CXX_LANGUAGE_STANDARD = "gnu++14";
				CLANG_CXX_LIBRARY = "libc++";
				CLANG_ENABLE_MODULES = YES;
				CLANG_ENABLE_OBJC_ARC = YES;
				CLANG_ENABLE_OBJC_WEAK = YES;
				CLANG_WARN_BLOCK_CAPTURE_AUTORELEASING = YES;
				CLANG_WARN_BOOL_CONVERSION = YES;
				CLANG_WARN_COMMA = YES;
				CLANG_WARN_CONSTANT_CONVERSION = YES;
				CLANG_WARN_DEPRECATED_OBJC_IMPLEMENTATIONS = YES;
				CLANG_WARN_DIRECT_OBJC_ISA_USAGE = YES_ERROR;
				CLANG_WARN_DOCUMENTATION_COMMENTS = YES;
				CLANG_WARN_EMPTY_BODY = YES;
				CLANG_WARN_ENUM_CONVERSION = YES;
				CLANG_WARN_INFINITE_RECURSION = YES;
				CLANG_WARN_INT_CONVERSION = YES;
				CLANG_WARN_NON_LITERAL_NULL_CONVERSION = YES;
				CLANG_WARN_OBJC_IMPLICIT_RETAIN_SELF = YES;
				CLANG_WARN_OBJC_LITERAL_CONVERSION = YES;
				CLANG_WARN_OBJC_ROOT_CLASS = YES_ERROR;
				CLANG_WARN_RANGE_LOOP_ANALYSIS = YES;
				CLANG_WARN_STRICT_PROTOTYPES = YES;
				CLANG_WARN_SUSPICIOUS_MOVE = YES;
				CLANG_WARN_UNGUARDED_AVAILABILITY = YES_AGGRESSIVE;
				CLANG_WARN_UNREACHABLE_CODE = YES;
				CLANG_WARN__DUPLICATE_METHOD_MATCH = YES;
				COPY_PHASE_STRIP = NO;
				DEBUG_INFORMATION_FORMAT = dwarf;
				ENABLE_STRICT_OBJC_MSGSEND = YES;
				ENABLE_TESTABILITY = YES;
				GCC_C_LANGUAGE_STANDARD = gnu11;
				GCC_DYNAMIC_NO_PIC = NO;
				GCC_NO_COMMON_BLOCKS = YES;
				GCC_OPTIMIZATION_LEVEL = 0;
				GCC_PREPROCESSOR_DEFINITIONS = (
					"DEBUG=1",
					"$(inherited)",
				);
				GCC_WARN_64_TO_32_BIT_CONVERSION = YES;
				GCC_WARN_ABOUT_RETURN_TYPE = YES_ERROR;
				GCC_WARN_UNDECLARED_SELECTOR = YES;
				GCC_WARN_UNINITIALIZED_AUTOS = YES_AGGRESSIVE;
				GCC_WARN_UNUSED_FUNCTION = YES;
				GCC_WARN_UNUSED_VARIABLE = YES;
				IPHONEOS_DEPLOYMENT_TARGET = 13.4;
				MTL_ENABLE_DEBUG_INFO = INCLUDE_SOURCE;
				MTL_FAST_MATH = YES;
				ONLY_ACTIVE_ARCH = YES;
				SDKROOT = iphoneos;
				SWIFT_ACTIVE_COMPILATION_CONDITIONS = DEBUG;
				SWIFT_OPTIMIZATION_LEVEL = "-Onone";
			};
			name = Debug;
		};
		8E2E631B24675B23006A45E9 /* Release */ = {
			isa = XCBuildConfiguration;
			buildSettings = {
				ALWAYS_SEARCH_USER_PATHS = NO;
				CLANG_ANALYZER_NONNULL = YES;
				CLANG_ANALYZER_NUMBER_OBJECT_CONVERSION = YES_AGGRESSIVE;
				CLANG_CXX_LANGUAGE_STANDARD = "gnu++14";
				CLANG_CXX_LIBRARY = "libc++";
				CLANG_ENABLE_MODULES = YES;
				CLANG_ENABLE_OBJC_ARC = YES;
				CLANG_ENABLE_OBJC_WEAK = YES;
				CLANG_WARN_BLOCK_CAPTURE_AUTORELEASING = YES;
				CLANG_WARN_BOOL_CONVERSION = YES;
				CLANG_WARN_COMMA = YES;
				CLANG_WARN_CONSTANT_CONVERSION = YES;
				CLANG_WARN_DEPRECATED_OBJC_IMPLEMENTATIONS = YES;
				CLANG_WARN_DIRECT_OBJC_ISA_USAGE = YES_ERROR;
				CLANG_WARN_DOCUMENTATION_COMMENTS = YES;
				CLANG_WARN_EMPTY_BODY = YES;
				CLANG_WARN_ENUM_CONVERSION = YES;
				CLANG_WARN_INFINITE_RECURSION = YES;
				CLANG_WARN_INT_CONVERSION = YES;
				CLANG_WARN_NON_LITERAL_NULL_CONVERSION = YES;
				CLANG_WARN_OBJC_IMPLICIT_RETAIN_SELF = YES;
				CLANG_WARN_OBJC_LITERAL_CONVERSION = YES;
				CLANG_WARN_OBJC_ROOT_CLASS = YES_ERROR;
				CLANG_WARN_RANGE_LOOP_ANALYSIS = YES;
				CLANG_WARN_STRICT_PROTOTYPES = YES;
				CLANG_WARN_SUSPICIOUS_MOVE = YES;
				CLANG_WARN_UNGUARDED_AVAILABILITY = YES_AGGRESSIVE;
				CLANG_WARN_UNREACHABLE_CODE = YES;
				CLANG_WARN__DUPLICATE_METHOD_MATCH = YES;
				COPY_PHASE_STRIP = NO;
				DEBUG_INFORMATION_FORMAT = "dwarf-with-dsym";
				ENABLE_NS_ASSERTIONS = NO;
				ENABLE_STRICT_OBJC_MSGSEND = YES;
				GCC_C_LANGUAGE_STANDARD = gnu11;
				GCC_NO_COMMON_BLOCKS = YES;
				GCC_WARN_64_TO_32_BIT_CONVERSION = YES;
				GCC_WARN_ABOUT_RETURN_TYPE = YES_ERROR;
				GCC_WARN_UNDECLARED_SELECTOR = YES;
				GCC_WARN_UNINITIALIZED_AUTOS = YES_AGGRESSIVE;
				GCC_WARN_UNUSED_FUNCTION = YES;
				GCC_WARN_UNUSED_VARIABLE = YES;
				IPHONEOS_DEPLOYMENT_TARGET = 13.4;
				MTL_ENABLE_DEBUG_INFO = NO;
				MTL_FAST_MATH = YES;
				SDKROOT = iphoneos;
				SWIFT_COMPILATION_MODE = wholemodule;
				SWIFT_OPTIMIZATION_LEVEL = "-O";
				VALIDATE_PRODUCT = YES;
			};
			name = Release;
		};
		8E2E631D24675B23006A45E9 /* Debug */ = {
			isa = XCBuildConfiguration;
			buildSettings = {
				ALWAYS_EMBED_SWIFT_STANDARD_LIBRARIES = YES;
				ASSETCATALOG_COMPILER_APPICON_NAME = AppIcon;
				CODE_SIGN_ENTITLEMENTS = "Temp Contacts/Temp Contacts.entitlements";
				CODE_SIGN_STYLE = Automatic;
				DEVELOPMENT_ASSET_PATHS = "\"Temp Contacts/Preview Content\"";
				DEVELOPMENT_TEAM = 628VZA2867;
				ENABLE_PREVIEWS = YES;
				FRAMEWORK_SEARCH_PATHS = (
					"$(inherited)",
					"$(PROJECT_DIR)/Carthage/Build/iOS",
				);
				INFOPLIST_FILE = "Temp Contacts/Info.plist";
				LD_RUNPATH_SEARCH_PATHS = (
					"$(inherited)",
					"@executable_path/Frameworks",
				);
				PRODUCT_BUNDLE_IDENTIFIER = "io.skieslab.Temp-Contacts";
				PRODUCT_NAME = "$(TARGET_NAME)";
				SWIFT_VERSION = 5.0;
				TARGETED_DEVICE_FAMILY = "1,2";
			};
			name = Debug;
		};
		8E2E631E24675B23006A45E9 /* Release */ = {
			isa = XCBuildConfiguration;
			buildSettings = {
				ALWAYS_EMBED_SWIFT_STANDARD_LIBRARIES = YES;
				ASSETCATALOG_COMPILER_APPICON_NAME = AppIcon;
				CODE_SIGN_ENTITLEMENTS = "Temp Contacts/Temp Contacts.entitlements";
				CODE_SIGN_STYLE = Automatic;
				DEVELOPMENT_ASSET_PATHS = "\"Temp Contacts/Preview Content\"";
				DEVELOPMENT_TEAM = 628VZA2867;
				ENABLE_PREVIEWS = YES;
				FRAMEWORK_SEARCH_PATHS = (
					"$(inherited)",
					"$(PROJECT_DIR)/Carthage/Build/iOS",
				);
				INFOPLIST_FILE = "Temp Contacts/Info.plist";
				LD_RUNPATH_SEARCH_PATHS = (
					"$(inherited)",
					"@executable_path/Frameworks",
				);
				PRODUCT_BUNDLE_IDENTIFIER = "io.skieslab.Temp-Contacts";
				PRODUCT_NAME = "$(TARGET_NAME)";
				SWIFT_VERSION = 5.0;
				TARGETED_DEVICE_FAMILY = "1,2";
			};
			name = Release;
		};
		8E81F4CC24748B440007976A /* Debug */ = {
			isa = XCBuildConfiguration;
			buildSettings = {
				ARCHS = "$(ARCHS_STANDARD_64_BIT)";
				CODE_SIGN_ENTITLEMENTS = TempContactsDir/TempContactsDir.entitlements;
				CODE_SIGN_STYLE = Automatic;
				DEVELOPMENT_TEAM = 628VZA2867;
				FRAMEWORK_SEARCH_PATHS = (
					"$(inherited)",
					"$(PROJECT_DIR)/Carthage/Build/iOS",
				);
				INFOPLIST_FILE = TempContactsDir/Info.plist;
				LD_RUNPATH_SEARCH_PATHS = (
					"$(inherited)",
					"@executable_path/Frameworks",
					"@executable_path/../../Frameworks",
				);
				PRODUCT_BUNDLE_IDENTIFIER = "io.skieslab.Temp-Contacts.TempContactsDir";
				PRODUCT_NAME = "$(TARGET_NAME)";
				SKIP_INSTALL = YES;
				SWIFT_VERSION = 5.0;
				TARGETED_DEVICE_FAMILY = "1,2";
			};
			name = Debug;
		};
		8E81F4CD24748B440007976A /* Release */ = {
			isa = XCBuildConfiguration;
			buildSettings = {
				ARCHS = "$(ARCHS_STANDARD_64_BIT)";
				CODE_SIGN_ENTITLEMENTS = TempContactsDir/TempContactsDir.entitlements;
				CODE_SIGN_STYLE = Automatic;
				DEVELOPMENT_TEAM = 628VZA2867;
				FRAMEWORK_SEARCH_PATHS = (
					"$(inherited)",
					"$(PROJECT_DIR)/Carthage/Build/iOS",
				);
				INFOPLIST_FILE = TempContactsDir/Info.plist;
				LD_RUNPATH_SEARCH_PATHS = (
					"$(inherited)",
					"@executable_path/Frameworks",
					"@executable_path/../../Frameworks",
				);
				PRODUCT_BUNDLE_IDENTIFIER = "io.skieslab.Temp-Contacts.TempContactsDir";
				PRODUCT_NAME = "$(TARGET_NAME)";
				SKIP_INSTALL = YES;
				SWIFT_VERSION = 5.0;
				TARGETED_DEVICE_FAMILY = "1,2";
			};
			name = Release;
		};
/* End XCBuildConfiguration section */

/* Begin XCConfigurationList section */
		8E2E630024675B20006A45E9 /* Build configuration list for PBXProject "Temp Contacts" */ = {
			isa = XCConfigurationList;
			buildConfigurations = (
				8E2E631A24675B23006A45E9 /* Debug */,
				8E2E631B24675B23006A45E9 /* Release */,
			);
			defaultConfigurationIsVisible = 0;
			defaultConfigurationName = Release;
		};
		8E2E631C24675B23006A45E9 /* Build configuration list for PBXNativeTarget "Temp Contacts" */ = {
			isa = XCConfigurationList;
			buildConfigurations = (
				8E2E631D24675B23006A45E9 /* Debug */,
				8E2E631E24675B23006A45E9 /* Release */,
			);
			defaultConfigurationIsVisible = 0;
			defaultConfigurationName = Release;
		};
		8E81F4CB24748B440007976A /* Build configuration list for PBXNativeTarget "TempContactsDir" */ = {
			isa = XCConfigurationList;
			buildConfigurations = (
				8E81F4CC24748B440007976A /* Debug */,
				8E81F4CD24748B440007976A /* Release */,
			);
			defaultConfigurationIsVisible = 0;
			defaultConfigurationName = Release;
		};
/* End XCConfigurationList section */
	};
	rootObject = 8E2E62FD24675B20006A45E9 /* Project object */;
}
